// !$*UTF8*$!
{
	archiveVersion = 1;
	classes = {
	};
	objectVersion = 46;
	objects = {

/* Begin PBXBuildFile section */
		B2990735198BBA2600BB6682 /* Foundation.framework in Frameworks */ = {isa = PBXBuildFile; fileRef = B2990734198BBA2600BB6682 /* Foundation.framework */; };
		B2990737198BBA2600BB6682 /* CoreGraphics.framework in Frameworks */ = {isa = PBXBuildFile; fileRef = B2990736198BBA2600BB6682 /* CoreGraphics.framework */; };
		B2990739198BBA2600BB6682 /* UIKit.framework in Frameworks */ = {isa = PBXBuildFile; fileRef = B2990738198BBA2600BB6682 /* UIKit.framework */; };
		B299073F198BBA2600BB6682 /* InfoPlist.strings in Resources */ = {isa = PBXBuildFile; fileRef = B299073D198BBA2600BB6682 /* InfoPlist.strings */; };
		B2990741198BBA2600BB6682 /* main.m in Sources */ = {isa = PBXBuildFile; fileRef = B2990740198BBA2600BB6682 /* main.m */; };
		B2990745198BBA2600BB6682 /* YMAppDelegate.m in Sources */ = {isa = PBXBuildFile; fileRef = B2990744198BBA2600BB6682 /* YMAppDelegate.m */; };
		B2990748198BBA2600BB6682 /* Main.storyboard in Resources */ = {isa = PBXBuildFile; fileRef = B2990746198BBA2600BB6682 /* Main.storyboard */; };
		B299074D198BBA2600BB6682 /* Images.xcassets in Resources */ = {isa = PBXBuildFile; fileRef = B299074C198BBA2600BB6682 /* Images.xcassets */; };
		B2990754198BBA2600BB6682 /* XCTest.framework in Frameworks */ = {isa = PBXBuildFile; fileRef = B2990753198BBA2600BB6682 /* XCTest.framework */; };
		B2990755198BBA2600BB6682 /* Foundation.framework in Frameworks */ = {isa = PBXBuildFile; fileRef = B2990734198BBA2600BB6682 /* Foundation.framework */; };
		B2990756198BBA2600BB6682 /* UIKit.framework in Frameworks */ = {isa = PBXBuildFile; fileRef = B2990738198BBA2600BB6682 /* UIKit.framework */; };
		B299075E198BBA2600BB6682 /* InfoPlist.strings in Resources */ = {isa = PBXBuildFile; fileRef = B299075C198BBA2600BB6682 /* InfoPlist.strings */; };
		B2990760198BBA2600BB6682 /* NewsReaderTests.m in Sources */ = {isa = PBXBuildFile; fileRef = B299075F198BBA2600BB6682 /* NewsReaderTests.m */; };
		B2990770198BCFAC00BB6682 /* YMArticleManager.m in Sources */ = {isa = PBXBuildFile; fileRef = B299076F198BCFAC00BB6682 /* YMArticleManager.m */; };
		B2990773198BCFC400BB6682 /* YMArticle.m in Sources */ = {isa = PBXBuildFile; fileRef = B2990772198BCFC400BB6682 /* YMArticle.m */; };
		B2990776198BD11D00BB6682 /* YMArticleListTableViewController.m in Sources */ = {isa = PBXBuildFile; fileRef = B2990775198BD11D00BB6682 /* YMArticleListTableViewController.m */; };
		B299077D198BD3EB00BB6682 /* YMCell.m in Sources */ = {isa = PBXBuildFile; fileRef = B299077C198BD3EB00BB6682 /* YMCell.m */; };
		B2C1BB69198CEBCE00E30FBE /* YMArticleViewController.m in Sources */ = {isa = PBXBuildFile; fileRef = B2C1BB68198CEBCE00E30FBE /* YMArticleViewController.m */; };
/* End PBXBuildFile section */

/* Begin PBXContainerItemProxy section */
		B2990757198BBA2600BB6682 /* PBXContainerItemProxy */ = {
			isa = PBXContainerItemProxy;
			containerPortal = B2990729198BBA2600BB6682 /* Project object */;
			proxyType = 1;
			remoteGlobalIDString = B2990730198BBA2600BB6682;
			remoteInfo = NewsReader;
		};
/* End PBXContainerItemProxy section */

/* Begin PBXFileReference section */
		B2990731198BBA2600BB6682 /* NewsReader.app */ = {isa = PBXFileReference; explicitFileType = wrapper.application; includeInIndex = 0; path = NewsReader.app; sourceTree = BUILT_PRODUCTS_DIR; };
		B2990734198BBA2600BB6682 /* Foundation.framework */ = {isa = PBXFileReference; lastKnownFileType = wrapper.framework; name = Foundation.framework; path = System/Library/Frameworks/Foundation.framework; sourceTree = SDKROOT; };
		B2990736198BBA2600BB6682 /* CoreGraphics.framework */ = {isa = PBXFileReference; lastKnownFileType = wrapper.framework; name = CoreGraphics.framework; path = System/Library/Frameworks/CoreGraphics.framework; sourceTree = SDKROOT; };
		B2990738198BBA2600BB6682 /* UIKit.framework */ = {isa = PBXFileReference; lastKnownFileType = wrapper.framework; name = UIKit.framework; path = System/Library/Frameworks/UIKit.framework; sourceTree = SDKROOT; };
		B299073C198BBA2600BB6682 /* NewsReader-Info.plist */ = {isa = PBXFileReference; lastKnownFileType = text.plist.xml; path = "NewsReader-Info.plist"; sourceTree = "<group>"; };
		B299073E198BBA2600BB6682 /* en */ = {isa = PBXFileReference; lastKnownFileType = text.plist.strings; name = en; path = en.lproj/InfoPlist.strings; sourceTree = "<group>"; };
		B2990740198BBA2600BB6682 /* main.m */ = {isa = PBXFileReference; lastKnownFileType = sourcecode.c.objc; path = main.m; sourceTree = "<group>"; };
		B2990742198BBA2600BB6682 /* NewsReader-Prefix.pch */ = {isa = PBXFileReference; lastKnownFileType = sourcecode.c.h; path = "NewsReader-Prefix.pch"; sourceTree = "<group>"; };
		B2990743198BBA2600BB6682 /* YMAppDelegate.h */ = {isa = PBXFileReference; lastKnownFileType = sourcecode.c.h; path = YMAppDelegate.h; sourceTree = "<group>"; };
		B2990744198BBA2600BB6682 /* YMAppDelegate.m */ = {isa = PBXFileReference; lastKnownFileType = sourcecode.c.objc; path = YMAppDelegate.m; sourceTree = "<group>"; };
		B2990747198BBA2600BB6682 /* Base */ = {isa = PBXFileReference; lastKnownFileType = file.storyboard; name = Base; path = Base.lproj/Main.storyboard; sourceTree = "<group>"; };
		B299074C198BBA2600BB6682 /* Images.xcassets */ = {isa = PBXFileReference; lastKnownFileType = folder.assetcatalog; path = Images.xcassets; sourceTree = "<group>"; };
		B2990752198BBA2600BB6682 /* NewsReaderTests.xctest */ = {isa = PBXFileReference; explicitFileType = wrapper.cfbundle; includeInIndex = 0; path = NewsReaderTests.xctest; sourceTree = BUILT_PRODUCTS_DIR; };
		B2990753198BBA2600BB6682 /* XCTest.framework */ = {isa = PBXFileReference; lastKnownFileType = wrapper.framework; name = XCTest.framework; path = Library/Frameworks/XCTest.framework; sourceTree = DEVELOPER_DIR; };
		B299075B198BBA2600BB6682 /* NewsReaderTests-Info.plist */ = {isa = PBXFileReference; lastKnownFileType = text.plist.xml; path = "NewsReaderTests-Info.plist"; sourceTree = "<group>"; };
		B299075D198BBA2600BB6682 /* en */ = {isa = PBXFileReference; lastKnownFileType = text.plist.strings; name = en; path = en.lproj/InfoPlist.strings; sourceTree = "<group>"; };
		B299075F198BBA2600BB6682 /* NewsReaderTests.m */ = {isa = PBXFileReference; lastKnownFileType = sourcecode.c.objc; path = NewsReaderTests.m; sourceTree = "<group>"; };
		B299076E198BCFAC00BB6682 /* YMArticleManager.h */ = {isa = PBXFileReference; fileEncoding = 4; lastKnownFileType = sourcecode.c.h; name = YMArticleManager.h; path = ../YMArticleManager.h; sourceTree = "<group>"; };
		B299076F198BCFAC00BB6682 /* YMArticleManager.m */ = {isa = PBXFileReference; fileEncoding = 4; lastKnownFileType = sourcecode.c.objc; name = YMArticleManager.m; path = ../YMArticleManager.m; sourceTree = "<group>"; };
		B2990771198BCFC400BB6682 /* YMArticle.h */ = {isa = PBXFileReference; fileEncoding = 4; lastKnownFileType = sourcecode.c.h; name = YMArticle.h; path = ../YMArticle.h; sourceTree = "<group>"; };
		B2990772198BCFC400BB6682 /* YMArticle.m */ = {isa = PBXFileReference; fileEncoding = 4; lastKnownFileType = sourcecode.c.objc; name = YMArticle.m; path = ../YMArticle.m; sourceTree = "<group>"; };
		B2990774198BD11D00BB6682 /* YMArticleListTableViewController.h */ = {isa = PBXFileReference; fileEncoding = 4; lastKnownFileType = sourcecode.c.h; path = YMArticleListTableViewController.h; sourceTree = "<group>"; };
		B2990775198BD11D00BB6682 /* YMArticleListTableViewController.m */ = {isa = PBXFileReference; fileEncoding = 4; lastKnownFileType = sourcecode.c.objc; path = YMArticleListTableViewController.m; sourceTree = "<group>"; };
		B299077B198BD3EB00BB6682 /* YMCell.h */ = {isa = PBXFileReference; fileEncoding = 4; lastKnownFileType = sourcecode.c.h; path = YMCell.h; sourceTree = "<group>"; };
		B299077C198BD3EB00BB6682 /* YMCell.m */ = {isa = PBXFileReference; fileEncoding = 4; lastKnownFileType = sourcecode.c.objc; path = YMCell.m; sourceTree = "<group>"; };
		B2C1BB67198CEBCE00E30FBE /* YMArticleViewController.h */ = {isa = PBXFileReference; fileEncoding = 4; lastKnownFileType = sourcecode.c.h; name = YMArticleViewController.h; path = ../YMArticleViewController.h; sourceTree = "<group>"; };
		B2C1BB68198CEBCE00E30FBE /* YMArticleViewController.m */ = {isa = PBXFileReference; fileEncoding = 4; lastKnownFileType = sourcecode.c.objc; name = YMArticleViewController.m; path = ../YMArticleViewController.m; sourceTree = "<group>"; };
/* End PBXFileReference section */

/* Begin PBXFrameworksBuildPhase section */
		B299072E198BBA2600BB6682 /* Frameworks */ = {
			isa = PBXFrameworksBuildPhase;
			buildActionMask = 2147483647;
			files = (
				B2990737198BBA2600BB6682 /* CoreGraphics.framework in Frameworks */,
				B2990739198BBA2600BB6682 /* UIKit.framework in Frameworks */,
				B2990735198BBA2600BB6682 /* Foundation.framework in Frameworks */,
			);
			runOnlyForDeploymentPostprocessing = 0;
		};
		B299074F198BBA2600BB6682 /* Frameworks */ = {
			isa = PBXFrameworksBuildPhase;
			buildActionMask = 2147483647;
			files = (
				B2990754198BBA2600BB6682 /* XCTest.framework in Frameworks */,
				B2990756198BBA2600BB6682 /* UIKit.framework in Frameworks */,
				B2990755198BBA2600BB6682 /* Foundation.framework in Frameworks */,
			);
			runOnlyForDeploymentPostprocessing = 0;
		};
/* End PBXFrameworksBuildPhase section */

/* Begin PBXGroup section */
		B2990728198BBA2600BB6682 = {
			isa = PBXGroup;
			children = (
				B299073A198BBA2600BB6682 /* NewsReader */,
				B2990759198BBA2600BB6682 /* NewsReaderTests */,
				B2990733198BBA2600BB6682 /* Frameworks */,
				B2990732198BBA2600BB6682 /* Products */,
			);
			sourceTree = "<group>";
		};
		B2990732198BBA2600BB6682 /* Products */ = {
			isa = PBXGroup;
			children = (
				B2990731198BBA2600BB6682 /* NewsReader.app */,
				B2990752198BBA2600BB6682 /* NewsReaderTests.xctest */,
			);
			name = Products;
			sourceTree = "<group>";
		};
		B2990733198BBA2600BB6682 /* Frameworks */ = {
			isa = PBXGroup;
			children = (
				B2990734198BBA2600BB6682 /* Foundation.framework */,
				B2990736198BBA2600BB6682 /* CoreGraphics.framework */,
				B2990738198BBA2600BB6682 /* UIKit.framework */,
				B2990753198BBA2600BB6682 /* XCTest.framework */,
			);
			name = Frameworks;
			sourceTree = "<group>";
		};
		B299073A198BBA2600BB6682 /* NewsReader */ = {
			isa = PBXGroup;
			children = (
				B2990743198BBA2600BB6682 /* YMAppDelegate.h */,
				B2990744198BBA2600BB6682 /* YMAppDelegate.m */,
				B2990746198BBA2600BB6682 /* Main.storyboard */,
				B299077A198BD3B600BB6682 /* Cell */,
				B2990769198BC6AA00BB6682 /* Controllers */,
				B299076A198BC6BC00BB6682 /* Model */,
				B299074C198BBA2600BB6682 /* Images.xcassets */,
				B299073B198BBA2600BB6682 /* Supporting Files */,
			);
			path = NewsReader;
			sourceTree = "<group>";
		};
		B299073B198BBA2600BB6682 /* Supporting Files */ = {
			isa = PBXGroup;
			children = (
				B299073C198BBA2600BB6682 /* NewsReader-Info.plist */,
				B299073D198BBA2600BB6682 /* InfoPlist.strings */,
				B2990740198BBA2600BB6682 /* main.m */,
				B2990742198BBA2600BB6682 /* NewsReader-Prefix.pch */,
			);
			name = "Supporting Files";
			sourceTree = "<group>";
		};
		B2990759198BBA2600BB6682 /* NewsReaderTests */ = {
			isa = PBXGroup;
			children = (
				B299075F198BBA2600BB6682 /* NewsReaderTests.m */,
				B299075A198BBA2600BB6682 /* Supporting Files */,
			);
			path = NewsReaderTests;
			sourceTree = "<group>";
		};
		B299075A198BBA2600BB6682 /* Supporting Files */ = {
			isa = PBXGroup;
			children = (
				B299075B198BBA2600BB6682 /* NewsReaderTests-Info.plist */,
				B299075C198BBA2600BB6682 /* InfoPlist.strings */,
			);
			name = "Supporting Files";
			sourceTree = "<group>";
		};
		B2990769198BC6AA00BB6682 /* Controllers */ = {
			isa = PBXGroup;
			children = (
				B2990774198BD11D00BB6682 /* YMArticleListTableViewController.h */,
				B2990775198BD11D00BB6682 /* YMArticleListTableViewController.m */,
				B2C1BB67198CEBCE00E30FBE /* YMArticleViewController.h */,
				B2C1BB68198CEBCE00E30FBE /* YMArticleViewController.m */,
			);
			name = Controllers;
			sourceTree = "<group>";
		};
		B299076A198BC6BC00BB6682 /* Model */ = {
			isa = PBXGroup;
			children = (
				B2990771198BCFC400BB6682 /* YMArticle.h */,
				B2990772198BCFC400BB6682 /* YMArticle.m */,
				B299076E198BCFAC00BB6682 /* YMArticleManager.h */,
				B299076F198BCFAC00BB6682 /* YMArticleManager.m */,
			);
			name = Model;
			sourceTree = "<group>";
		};
		B299077A198BD3B600BB6682 /* Cell */ = {
			isa = PBXGroup;
			children = (
				B299077B198BD3EB00BB6682 /* YMCell.h */,
				B299077C198BD3EB00BB6682 /* YMCell.m */,
			);
			name = Cell;
			sourceTree = "<group>";
		};
/* End PBXGroup section */

/* Begin PBXNativeTarget section */
		B2990730198BBA2600BB6682 /* NewsReader */ = {
			isa = PBXNativeTarget;
			buildConfigurationList = B2990763198BBA2600BB6682 /* Build configuration list for PBXNativeTarget "NewsReader" */;
			buildPhases = (
				B299072D198BBA2600BB6682 /* Sources */,
				B299072E198BBA2600BB6682 /* Frameworks */,
				B299072F198BBA2600BB6682 /* Resources */,
			);
			buildRules = (
			);
			dependencies = (
			);
			name = NewsReader;
			productName = NewsReader;
			productReference = B2990731198BBA2600BB6682 /* NewsReader.app */;
			productType = "com.apple.product-type.application";
		};
		B2990751198BBA2600BB6682 /* NewsReaderTests */ = {
			isa = PBXNativeTarget;
			buildConfigurationList = B2990766198BBA2600BB6682 /* Build configuration list for PBXNativeTarget "NewsReaderTests" */;
			buildPhases = (
				B299074E198BBA2600BB6682 /* Sources */,
				B299074F198BBA2600BB6682 /* Frameworks */,
				B2990750198BBA2600BB6682 /* Resources */,
			);
			buildRules = (
			);
			dependencies = (
				B2990758198BBA2600BB6682 /* PBXTargetDependency */,
			);
			name = NewsReaderTests;
			productName = NewsReaderTests;
			productReference = B2990752198BBA2600BB6682 /* NewsReaderTests.xctest */;
			productType = "com.apple.product-type.bundle.unit-test";
		};
/* End PBXNativeTarget section */

/* Begin PBXProject section */
		B2990729198BBA2600BB6682 /* Project object */ = {
			isa = PBXProject;
			attributes = {
				CLASSPREFIX = YM;
				LastUpgradeCheck = 0510;
				ORGANIZATIONNAME = YuliaMishina;
				TargetAttributes = {
					B2990751198BBA2600BB6682 = {
						TestTargetID = B2990730198BBA2600BB6682;
					};
				};
			};
			buildConfigurationList = B299072C198BBA2600BB6682 /* Build configuration list for PBXProject "NewsReader" */;
			compatibilityVersion = "Xcode 3.2";
			developmentRegion = English;
			hasScannedForEncodings = 0;
			knownRegions = (
				en,
				Base,
			);
			mainGroup = B2990728198BBA2600BB6682;
			productRefGroup = B2990732198BBA2600BB6682 /* Products */;
			projectDirPath = "";
			projectRoot = "";
			targets = (
				B2990730198BBA2600BB6682 /* NewsReader */,
				B2990751198BBA2600BB6682 /* NewsReaderTests */,
			);
		};
/* End PBXProject section */

/* Begin PBXResourcesBuildPhase section */
		B299072F198BBA2600BB6682 /* Resources */ = {
			isa = PBXResourcesBuildPhase;
			buildActionMask = 2147483647;
			files = (
				B299074D198BBA2600BB6682 /* Images.xcassets in Resources */,
				B299073F198BBA2600BB6682 /* InfoPlist.strings in Resources */,
				B2990748198BBA2600BB6682 /* Main.storyboard in Resources */,
			);
			runOnlyForDeploymentPostprocessing = 0;
		};
		B2990750198BBA2600BB6682 /* Resources */ = {
			isa = PBXResourcesBuildPhase;
			buildActionMask = 2147483647;
			files = (
				B299075E198BBA2600BB6682 /* InfoPlist.strings in Resources */,
			);
			runOnlyForDeploymentPostprocessing = 0;
		};
/* End PBXResourcesBuildPhase section */

/* Begin PBXSourcesBuildPhase section */
		B299072D198BBA2600BB6682 /* Sources */ = {
			isa = PBXSourcesBuildPhase;
			buildActionMask = 2147483647;
			files = (
				B2990773198BCFC400BB6682 /* YMArticle.m in Sources */,
				B299077D198BD3EB00BB6682 /* YMCell.m in Sources */,
				B2990776198BD11D00BB6682 /* YMArticleListTableViewController.m in Sources */,
				B2C1BB69198CEBCE00E30FBE /* YMArticleViewController.m in Sources */,
				B2990745198BBA2600BB6682 /* YMAppDelegate.m in Sources */,
				B2990741198BBA2600BB6682 /* main.m in Sources */,
				B2990770198BCFAC00BB6682 /* YMArticleManager.m in Sources */,
			);
			runOnlyForDeploymentPostprocessing = 0;
		};
		B299074E198BBA2600BB6682 /* Sources */ = {
			isa = PBXSourcesBuildPhase;
			buildActionMask = 2147483647;
			files = (
				B2990760198BBA2600BB6682 /* NewsReaderTests.m in Sources */,
			);
			runOnlyForDeploymentPostprocessing = 0;
		};
/* End PBXSourcesBuildPhase section */

/* Begin PBXTargetDependency section */
		B2990758198BBA2600BB6682 /* PBXTargetDependency */ = {
			isa = PBXTargetDependency;
			target = B2990730198BBA2600BB6682 /* NewsReader */;
			targetProxy = B2990757198BBA2600BB6682 /* PBXContainerItemProxy */;
		};
/* End PBXTargetDependency section */

/* Begin PBXVariantGroup section */
		B299073D198BBA2600BB6682 /* InfoPlist.strings */ = {
			isa = PBXVariantGroup;
			children = (
				B299073E198BBA2600BB6682 /* en */,
			);
			name = InfoPlist.strings;
			sourceTree = "<group>";
		};
		B2990746198BBA2600BB6682 /* Main.storyboard */ = {
			isa = PBXVariantGroup;
			children = (
				B2990747198BBA2600BB6682 /* Base */,
			);
			name = Main.storyboard;
			sourceTree = "<group>";
		};
		B299075C198BBA2600BB6682 /* InfoPlist.strings */ = {
			isa = PBXVariantGroup;
			children = (
				B299075D198BBA2600BB6682 /* en */,
			);
			name = InfoPlist.strings;
			sourceTree = "<group>";
		};
/* End PBXVariantGroup section */

/* Begin XCBuildConfiguration section */
		B2990761198BBA2600BB6682 /* Debug */ = {
			isa = XCBuildConfiguration;
			buildSettings = {
				ALWAYS_SEARCH_USER_PATHS = NO;
				CLANG_CXX_LANGUAGE_STANDARD = "gnu++0x";
				CLANG_CXX_LIBRARY = "libc++";
				CLANG_ENABLE_MODULES = YES;
				CLANG_ENABLE_OBJC_ARC = YES;
				CLANG_WARN_BOOL_CONVERSION = YES;
				CLANG_WARN_CONSTANT_CONVERSION = YES;
				CLANG_WARN_DIRECT_OBJC_ISA_USAGE = YES_ERROR;
				CLANG_WARN_EMPTY_BODY = YES;
				CLANG_WARN_ENUM_CONVERSION = YES;
				CLANG_WARN_INT_CONVERSION = YES;
				CLANG_WARN_OBJC_ROOT_CLASS = YES_ERROR;
				CLANG_WARN__DUPLICATE_METHOD_MATCH = YES;
				"CODE_SIGN_IDENTITY[sdk=iphoneos*]" = "iPhone Developer";
				COPY_PHASE_STRIP = NO;
				GCC_C_LANGUAGE_STANDARD = gnu99;
				GCC_DYNAMIC_NO_PIC = NO;
				GCC_OPTIMIZATION_LEVEL = 0;
				GCC_PREPROCESSOR_DEFINITIONS = (
					"DEBUG=1",
					"$(inherited)",
				);
				GCC_SYMBOLS_PRIVATE_EXTERN = NO;
				GCC_WARN_64_TO_32_BIT_CONVERSION = YES;
				GCC_WARN_ABOUT_RETURN_TYPE = YES_ERROR;
				GCC_WARN_UNDECLARED_SELECTOR = YES;
				GCC_WARN_UNINITIALIZED_AUTOS = YES_AGGRESSIVE;
				GCC_WARN_UNUSED_FUNCTION = YES;
				GCC_WARN_UNUSED_VARIABLE = YES;
				IPHONEOS_DEPLOYMENT_TARGET = 7.1;
				ONLY_ACTIVE_ARCH = YES;
				SDKROOT = iphoneos;
			};
			name = Debug;
		};
		B2990762198BBA2600BB6682 /* Release */ = {
			isa = XCBuildConfiguration;
			buildSettings = {
				ALWAYS_SEARCH_USER_PATHS = NO;
				CLANG_CXX_LANGUAGE_STANDARD = "gnu++0x";
				CLANG_CXX_LIBRARY = "libc++";
				CLANG_ENABLE_MODULES = YES;
				CLANG_ENABLE_OBJC_ARC = YES;
				CLANG_WARN_BOOL_CONVERSION = YES;
				CLANG_WARN_CONSTANT_CONVERSION = YES;
				CLANG_WARN_DIRECT_OBJC_ISA_USAGE = YES_ERROR;
				CLANG_WARN_EMPTY_BODY = YES;
				CLANG_WARN_ENUM_CONVERSION = YES;
				CLANG_WARN_INT_CONVERSION = YES;
				CLANG_WARN_OBJC_ROOT_CLASS = YES_ERROR;
				CLANG_WARN__DUPLICATE_METHOD_MATCH = YES;
				"CODE_SIGN_IDENTITY[sdk=iphoneos*]" = "iPhone Developer";
				COPY_PHASE_STRIP = YES;
				ENABLE_NS_ASSERTIONS = NO;
				GCC_C_LANGUAGE_STANDARD = gnu99;
				GCC_WARN_64_TO_32_BIT_CONVERSION = YES;
				GCC_WARN_ABOUT_RETURN_TYPE = YES_ERROR;
				GCC_WARN_UNDECLARED_SELECTOR = YES;
				GCC_WARN_UNINITIALIZED_AUTOS = YES_AGGRESSIVE;
				GCC_WARN_UNUSED_FUNCTION = YES;
				GCC_WARN_UNUSED_VARIABLE = YES;
				IPHONEOS_DEPLOYMENT_TARGET = 7.1;
				SDKROOT = iphoneos;
				VALIDATE_PRODUCT = YES;
			};
			name = Release;
		};
		B2990764198BBA2600BB6682 /* Debug */ = {
			isa = XCBuildConfiguration;
			buildSettings = {
				ASSETCATALOG_COMPILER_APPICON_NAME = AppIcon;
				ASSETCATALOG_COMPILER_LAUNCHIMAGE_NAME = LaunchImage;
				GCC_PRECOMPILE_PREFIX_HEADER = YES;
				GCC_PREFIX_HEADER = "NewsReader/NewsReader-Prefix.pch";
				INFOPLIST_FILE = "NewsReader/NewsReader-Info.plist";
				PRODUCT_NAME = "$(TARGET_NAME)";
				WRAPPER_EXTENSION = app;
			};
			name = Debug;
		};
		B2990765198BBA2600BB6682 /* Release */ = {
			isa = XCBuildConfiguration;
			buildSettings = {
				ASSETCATALOG_COMPILER_APPICON_NAME = AppIcon;
				ASSETCATALOG_COMPILER_LAUNCHIMAGE_NAME = LaunchImage;
				GCC_PRECOMPILE_PREFIX_HEADER = YES;
				GCC_PREFIX_HEADER = "NewsReader/NewsReader-Prefix.pch";
				INFOPLIST_FILE = "NewsReader/NewsReader-Info.plist";
				PRODUCT_NAME = "$(TARGET_NAME)";
				WRAPPER_EXTENSION = app;
			};
			name = Release;
		};
		B2990767198BBA2600BB6682 /* Debug */ = {
			isa = XCBuildConfiguration;
			buildSettings = {
				BUNDLE_LOADER = "$(BUILT_PRODUCTS_DIR)/NewsReader.app/NewsReader";
				FRAMEWORK_SEARCH_PATHS = (
					"$(SDKROOT)/Developer/Library/Frameworks",
					"$(inherited)",
					"$(DEVELOPER_FRAMEWORKS_DIR)",
				);
				GCC_PRECOMPILE_PREFIX_HEADER = YES;
				GCC_PREFIX_HEADER = "NewsReader/NewsReader-Prefix.pch";
				GCC_PREPROCESSOR_DEFINITIONS = (
					"DEBUG=1",
					"$(inherited)",
				);
				INFOPLIST_FILE = "NewsReaderTests/NewsReaderTests-Info.plist";
				PRODUCT_NAME = "$(TARGET_NAME)";
				TEST_HOST = "$(BUNDLE_LOADER)";
				WRAPPER_EXTENSION = xctest;
			};
			name = Debug;
		};
		B2990768198BBA2600BB6682 /* Release */ = {
			isa = XCBuildConfiguration;
			buildSettings = {
				BUNDLE_LOADER = "$(BUILT_PRODUCTS_DIR)/NewsReader.app/NewsReader";
				FRAMEWORK_SEARCH_PATHS = (
					"$(SDKROOT)/Developer/Library/Frameworks",
					"$(inherited)",
					"$(DEVELOPER_FRAMEWORKS_DIR)",
				);
				GCC_PRECOMPILE_PREFIX_HEADER = YES;
				GCC_PREFIX_HEADER = "NewsReader/NewsReader-Prefix.pch";
				INFOPLIST_FILE = "NewsReaderTests/NewsReaderTests-Info.plist";
				PRODUCT_NAME = "$(TARGET_NAME)";
				TEST_HOST = "$(BUNDLE_LOADER)";
				WRAPPER_EXTENSION = xctest;
			};
			name = Release;
		};
/* End XCBuildConfiguration section */

/* Begin XCConfigurationList section */
		B299072C198BBA2600BB6682 /* Build configuration list for PBXProject "NewsReader" */ = {
			isa = XCConfigurationList;
			buildConfigurations = (
				B2990761198BBA2600BB6682 /* Debug */,
				B2990762198BBA2600BB6682 /* Release */,
			);
			defaultConfigurationIsVisible = 0;
			defaultConfigurationName = Release;
		};
		B2990763198BBA2600BB6682 /* Build configuration list for PBXNativeTarget "NewsReader" */ = {
			isa = XCConfigurationList;
			buildConfigurations = (
				B2990764198BBA2600BB6682 /* Debug */,
				B2990765198BBA2600BB6682 /* Release */,
			);
			defaultConfigurationIsVisible = 0;
			defaultConfigurationName = Release;
		};
		B2990766198BBA2600BB6682 /* Build configuration list for PBXNativeTarget "NewsReaderTests" */ = {
			isa = XCConfigurationList;
			buildConfigurations = (
				B2990767198BBA2600BB6682 /* Debug */,
				B2990768198BBA2600BB6682 /* Release */,
			);
			defaultConfigurationIsVisible = 0;
			defaultConfigurationName = Release;
		};
/* End XCConfigurationList section */
	};
	rootObject = B2990729198BBA2600BB6682 /* Project object */;
}
